
Microsoft Visual Studio Solution File, Format Version 12.00
# Visual Studio Version 16
VisualStudioVersion = 16.0.29721.120
MinimumVisualStudioVersion = 10.0.40219.1
Project("{9A19103F-16F7-4668-BE54-9A1E7A4F7556}") = "Boilerplate.Api", "src\Boilerplate.Api\Boilerplate.Api.csproj", "{7BB1E674-BC4C-4A4E-873E-FEE2F57AED4E}"
EndProject
Project("{2150E333-8FDC-42A3-9474-1A3956D46DE8}") = "src", "src", "{9485D4F4-9E94-4058-A11B-40BD0511E99D}"
EndProject
Project("{2150E333-8FDC-42A3-9474-1A3956D46DE8}") = "tests", "tests", "{2222C55D-4478-437D-A6F0-EAA8A21903DC}"
EndProject
Project("{9A19103F-16F7-4668-BE54-9A1E7A4F7556}") = "Boilerplate.Domain", "src\Boilerplate.Domain\Boilerplate.Domain.csproj", "{0ACE699F-9079-4F51-B819-FDE8B47FBA4A}"
EndProject
Project("{9A19103F-16F7-4668-BE54-9A1E7A4F7556}") = "Boilerplate.Application", "src\Boilerplate.Application\Boilerplate.Application.csproj", "{5857A73F-30C2-4916-AC97-199F19D744AA}"
EndProject
Project("{9A19103F-16F7-4668-BE54-9A1E7A4F7556}") = "Boilerplate.Infrastructure", "src\Boilerplate.Infrastructure\Boilerplate.Infrastructure.csproj", "{8ADAF360-AFE1-46E0-BFB9-A8EC87133CB0}"
EndProject
Project("{2150E333-8FDC-42A3-9474-1A3956D46DE8}") = "1 - Api", "1 - Api", "{C7816907-144D-4EB4-B645-3E7E03BD4835}"
EndProject
Project("{2150E333-8FDC-42A3-9474-1A3956D46DE8}") = "2 - Application", "2 - Application", "{6965B827-25B1-4990-9654-6061FD7F1DC0}"
EndProject
Project("{2150E333-8FDC-42A3-9474-1A3956D46DE8}") = "3 - Domain", "3 - Domain", "{8FB31CA6-BF37-45DA-B09C-24DE15037E0C}"
EndProject
Project("{2150E333-8FDC-42A3-9474-1A3956D46DE8}") = "4 - Persistence", "4 - Persistence", "{0EBA756A-3E01-49F4-A192-C8B805685C21}"
EndProject
Project("{9A19103F-16F7-4668-BE54-9A1E7A4F7556}") = "Boilerplate.Api.UnitTests", "tests\Boilerplate.Api.UnitTests\Boilerplate.Api.UnitTests.csproj", "{B5DE98B8-8DC7-4A0E-B396-654DF67E3BFF}"
EndProject
Project("{9A19103F-16F7-4668-BE54-9A1E7A4F7556}") = "Boilerplate.Api.IntegrationTests", "tests\Boilerplate.Api.IntegrationTests\Boilerplate.Api.IntegrationTests.csproj", "{92EEC4C4-C67F-4396-B93A-396DF9E9B307}"
EndProject
Project("{E53339B2-1760-4266-BCC7-CA923CBCF16C}") = "docker-compose", "docker-compose.dcproj", "{7873047B-1B2D-40D8-AEBE-587D2E3C201B}"
EndProject
Project("{2150E333-8FDC-42A3-9474-1A3956D46DE8}") = "Solution Items", "Solution Items", "{346415FF-9233-459C-AE00-06ACFE985BC1}"
EndProject
Project("{2150E333-8FDC-42A3-9474-1A3956D46DE8}") = "build", "build", "{85F6B20D-7DD1-4E73-959C-0457668CCE5F}"
	ProjectSection(SolutionItems) = preProject
		.github\workflows\build.yml = .github\workflows\build.yml
	EndProjectSection
EndProject
Project("{2150E333-8FDC-42A3-9474-1A3956D46DE8}") = "deps", "deps", "{4BE8D923-E856-40F3-9AB6-4DA4B760F24F}"
	ProjectSection(SolutionItems) = preProject
		Directory.Packages.props = Directory.Packages.props
		.github\dependabot.yml = .github\dependabot.yml
	EndProjectSection
EndProject
Project("{2150E333-8FDC-42A3-9474-1A3956D46DE8}") = "rules", "rules", "{B9AA6117-3A61-4E16-9281-D4C4A9B5253F}"
	ProjectSection(SolutionItems) = preProject
		Boilerplate.ruleset = Boilerplate.ruleset
		.editorconfig = .editorconfig
		.gitignore = .gitignore
		.github\workflows\codeql-analysis.yml = .github\workflows\codeql-analysis.yml
		.github\workflows\infersharp-analysis.yml = .github\workflows\infersharp-analysis.yml
	EndProjectSection
EndProject
Project("{2150E333-8FDC-42A3-9474-1A3956D46DE8}") = "docs", "docs", "{16C3D5B3-4A1C-48B3-979F-29400BB2ECE7}"
	ProjectSection(SolutionItems) = preProject
		README.md = README.md
	EndProjectSection
EndProject
Project("{2150E333-8FDC-42A3-9474-1A3956D46DE8}") = "translations", "translations", "{520CE7D7-4CCD-4C9B-9BEA-7C2AE5CAE7FB}"
EndProject
Project("{2150E333-8FDC-42A3-9474-1A3956D46DE8}") = "pt-br", "pt-br", "{D0E8EF0A-6B01-497F-B282-0C1939A97DE3}"
	ProjectSection(SolutionItems) = preProject
		translations\pt-br\README.md = translations\pt-br\README.md
	EndProjectSection
EndProject
Global
	GlobalSection(SolutionConfigurationPlatforms) = preSolution
		Debug|Any CPU = Debug|Any CPU
		Release|Any CPU = Release|Any CPU
	EndGlobalSection
	GlobalSection(ProjectConfigurationPlatforms) = postSolution
		{7BB1E674-BC4C-4A4E-873E-FEE2F57AED4E}.Debug|Any CPU.ActiveCfg = Debug|Any CPU
		{7BB1E674-BC4C-4A4E-873E-FEE2F57AED4E}.Debug|Any CPU.Build.0 = Debug|Any CPU
		{7BB1E674-BC4C-4A4E-873E-FEE2F57AED4E}.Release|Any CPU.ActiveCfg = Release|Any CPU
		{7BB1E674-BC4C-4A4E-873E-FEE2F57AED4E}.Release|Any CPU.Build.0 = Release|Any CPU
		{0ACE699F-9079-4F51-B819-FDE8B47FBA4A}.Debug|Any CPU.ActiveCfg = Debug|Any CPU
		{0ACE699F-9079-4F51-B819-FDE8B47FBA4A}.Debug|Any CPU.Build.0 = Debug|Any CPU
		{0ACE699F-9079-4F51-B819-FDE8B47FBA4A}.Release|Any CPU.ActiveCfg = Release|Any CPU
		{0ACE699F-9079-4F51-B819-FDE8B47FBA4A}.Release|Any CPU.Build.0 = Release|Any CPU
		{5857A73F-30C2-4916-AC97-199F19D744AA}.Debug|Any CPU.ActiveCfg = Debug|Any CPU
		{5857A73F-30C2-4916-AC97-199F19D744AA}.Debug|Any CPU.Build.0 = Debug|Any CPU
		{5857A73F-30C2-4916-AC97-199F19D744AA}.Release|Any CPU.ActiveCfg = Release|Any CPU
		{5857A73F-30C2-4916-AC97-199F19D744AA}.Release|Any CPU.Build.0 = Release|Any CPU
		{8ADAF360-AFE1-46E0-BFB9-A8EC87133CB0}.Debug|Any CPU.ActiveCfg = Debug|Any CPU
		{8ADAF360-AFE1-46E0-BFB9-A8EC87133CB0}.Debug|Any CPU.Build.0 = Debug|Any CPU
		{8ADAF360-AFE1-46E0-BFB9-A8EC87133CB0}.Release|Any CPU.ActiveCfg = Release|Any CPU
		{8ADAF360-AFE1-46E0-BFB9-A8EC87133CB0}.Release|Any CPU.Build.0 = Release|Any CPU
		{B5DE98B8-8DC7-4A0E-B396-654DF67E3BFF}.Debug|Any CPU.ActiveCfg = Debug|Any CPU
		{B5DE98B8-8DC7-4A0E-B396-654DF67E3BFF}.Debug|Any CPU.Build.0 = Debug|Any CPU
		{B5DE98B8-8DC7-4A0E-B396-654DF67E3BFF}.Release|Any CPU.ActiveCfg = Release|Any CPU
		{B5DE98B8-8DC7-4A0E-B396-654DF67E3BFF}.Release|Any CPU.Build.0 = Release|Any CPU
		{92EEC4C4-C67F-4396-B93A-396DF9E9B307}.Debug|Any CPU.ActiveCfg = Debug|Any CPU
		{92EEC4C4-C67F-4396-B93A-396DF9E9B307}.Debug|Any CPU.Build.0 = Debug|Any CPU
		{92EEC4C4-C67F-4396-B93A-396DF9E9B307}.Release|Any CPU.ActiveCfg = Release|Any CPU
		{92EEC4C4-C67F-4396-B93A-396DF9E9B307}.Release|Any CPU.Build.0 = Release|Any CPU
		{7873047B-1B2D-40D8-AEBE-587D2E3C201B}.Debug|Any CPU.ActiveCfg = Debug|Any CPU
		{7873047B-1B2D-40D8-AEBE-587D2E3C201B}.Debug|Any CPU.Build.0 = Debug|Any CPU
		{7873047B-1B2D-40D8-AEBE-587D2E3C201B}.Release|Any CPU.ActiveCfg = Release|Any CPU
		{7873047B-1B2D-40D8-AEBE-587D2E3C201B}.Release|Any CPU.Build.0 = Release|Any CPU
	EndGlobalSection
	GlobalSection(SolutionProperties) = preSolution
		HideSolutionNode = FALSE
	EndGlobalSection
	GlobalSection(NestedProjects) = preSolution
		{7BB1E674-BC4C-4A4E-873E-FEE2F57AED4E} = {C7816907-144D-4EB4-B645-3E7E03BD4835}
		{0ACE699F-9079-4F51-B819-FDE8B47FBA4A} = {8FB31CA6-BF37-45DA-B09C-24DE15037E0C}
		{5857A73F-30C2-4916-AC97-199F19D744AA} = {6965B827-25B1-4990-9654-6061FD7F1DC0}
		{8ADAF360-AFE1-46E0-BFB9-A8EC87133CB0} = {0EBA756A-3E01-49F4-A192-C8B805685C21}
		{C7816907-144D-4EB4-B645-3E7E03BD4835} = {9485D4F4-9E94-4058-A11B-40BD0511E99D}
		{6965B827-25B1-4990-9654-6061FD7F1DC0} = {9485D4F4-9E94-4058-A11B-40BD0511E99D}
		{8FB31CA6-BF37-45DA-B09C-24DE15037E0C} = {9485D4F4-9E94-4058-A11B-40BD0511E99D}
		{0EBA756A-3E01-49F4-A192-C8B805685C21} = {9485D4F4-9E94-4058-A11B-40BD0511E99D}
		{B5DE98B8-8DC7-4A0E-B396-654DF67E3BFF} = {2222C55D-4478-437D-A6F0-EAA8A21903DC}
		{92EEC4C4-C67F-4396-B93A-396DF9E9B307} = {2222C55D-4478-437D-A6F0-EAA8A21903DC}
		{7873047B-1B2D-40D8-AEBE-587D2E3C201B} = {C7816907-144D-4EB4-B645-3E7E03BD4835}
		{85F6B20D-7DD1-4E73-959C-0457668CCE5F} = {346415FF-9233-459C-AE00-06ACFE985BC1}
		{4BE8D923-E856-40F3-9AB6-4DA4B760F24F} = {346415FF-9233-459C-AE00-06ACFE985BC1}
		{B9AA6117-3A61-4E16-9281-D4C4A9B5253F} = {346415FF-9233-459C-AE00-06ACFE985BC1}
		{16C3D5B3-4A1C-48B3-979F-29400BB2ECE7} = {346415FF-9233-459C-AE00-06ACFE985BC1}
		{520CE7D7-4CCD-4C9B-9BEA-7C2AE5CAE7FB} = {16C3D5B3-4A1C-48B3-979F-29400BB2ECE7}
		{D0E8EF0A-6B01-497F-B282-0C1939A97DE3} = {520CE7D7-4CCD-4C9B-9BEA-7C2AE5CAE7FB}
	EndGlobalSection
	GlobalSection(ExtensibilityGlobals) = postSolution
		SolutionGuid = {541B563F-712B-4BF0-851D-756E0B417E4C}
	EndGlobalSection
EndGlobal
